<?xml version="1.0" encoding="utf-8"?>
<Project ToolsVersion="17.0" xmlns="http://schemas.microsoft.com/developer/msbuild/2003">
  <ItemGroup>
    <ClCompile Include="D:\document\cocos2dx\civ6-local\Classes\AppDelegate.cpp">
      <Filter>Source Files\Classes</Filter>
    </ClCompile>
    <ClCompile Include="D:\document\cocos2dx\civ6-local\proj.win32\main.cpp">
      <Filter>Source Files\proj.win32</Filter>
    </ClCompile>
    <ClCompile Include="D:\document\cocos2dx\civ6-local\cocos2d\cocos\precheader.cpp">
      <Filter>Source Files</Filter>
    </ClCompile>
    <ClCompile Include="..\Classes\Units\Base\AbstractUnit.cpp">
      <Filter>Source Files\Classes\Units\Base</Filter>
    </ClCompile>
    <ClCompile Include="..\Classes\UI\HUDLayer.cpp">
      <Filter>Source Files\Classes\UI</Filter>
    </ClCompile>
    <ClCompile Include="..\Classes\Core\GameManager.cpp">
      <Filter>Source Files\Classes\Core</Filter>
    </ClCompile>
    <ClCompile Include="..\Classes\Core\Player.cpp">
      <Filter>Source Files\Classes\Core</Filter>
    </ClCompile>
    <ClCompile Include="..\Classes\Map\GameMapLayer.cpp">
      <Filter>Source Files\Classes\Map</Filter>
    </ClCompile>
    <ClCompile Include="..\Classes\Map\MapGenerator.cpp">
      <Filter>Source Files\Classes\Map</Filter>
    </ClCompile>
    <ClCompile Include="..\Classes\Map\TileData.cpp">
      <Filter>Source Files\Classes\Map</Filter>
    </ClCompile>
    <ClCompile Include="..\Classes\Scene\GameScene.cpp">
      <Filter>Source Files\Classes\Scene</Filter>
    </ClCompile>
    <ClCompile Include="..\Classes\Scene\MainMenuScene.cpp">
      <Filter>Source Files\Classes\Scene</Filter>
    </ClCompile>
    <ClCompile Include="..\Classes\City\BaseCity.cpp">
      <Filter>Source Files\Classes\City</Filter>
    </ClCompile>
  </ItemGroup>
  <ItemGroup>
    <ClInclude Include="D:\document\cocos2dx\civ6-local\Classes\AppDelegate.h">
      <Filter>Source Files\Classes</Filter>
    </ClInclude>
    <ClInclude Include="D:\document\cocos2dx\civ6-local\proj.win32\main.h">
      <Filter>Source Files\proj.win32</Filter>
    </ClInclude>
    <ClInclude Include="D:\document\cocos2dx\civ6-local\proj.win32\resource.h">
      <Filter>Source Files\proj.win32</Filter>
    </ClInclude>
    <ClInclude Include="D:\document\cocos2dx\civ6-local\Resources\CloseNormal.png">
      <Filter>Resources</Filter>
    </ClInclude>
    <ClInclude Include="D:\document\cocos2dx\civ6-local\Resources\CloseSelected.png">
      <Filter>Resources</Filter>
    </ClInclude>
    <ClInclude Include="D:\document\cocos2dx\civ6-local\Resources\HelloWorld.png">
      <Filter>Resources</Filter>
    </ClInclude>
    <ClInclude Include="D:\document\cocos2dx\civ6-local\Resources\fonts\Marker Felt.ttf">
      <Filter>Resources\fonts</Filter>
    </ClInclude>
    <ClInclude Include="D:\document\cocos2dx\civ6-local\Resources\fonts\arial.ttf">
      <Filter>Resources\fonts</Filter>
    </ClInclude>
    <ClInclude Include="D:\document\cocos2dx\civ6-local\Resources\res\.gitkeep">
      <Filter>Resources\res</Filter>
    </ClInclude>
    <ClInclude Include="..\Classes\Utils\HexUtils.h">
      <Filter>Source Files\Classes\Utils</Filter>
    </ClInclude>
    <ClInclude Include="..\Classes\Utils\PathFinder.h">
      <Filter>Source Files\Classes\Utils</Filter>
    </ClInclude>
    <ClInclude Include="..\Classes\Units\Base\AbstractUnit.h">
      <Filter>Source Files\Classes\Units\Base</Filter>
    </ClInclude>
    <ClInclude Include="..\Classes\Units\Melee\LineInfantry.h">
      <Filter>Source Files\Classes\Units\Melee</Filter>
    </ClInclude>
    <ClInclude Include="..\Classes\Units\Melee\Swordsman.h">
      <Filter>Source Files\Classes\Units\Melee</Filter>
    </ClInclude>
    <ClInclude Include="..\Classes\Units\Melee\Warrior.h">
      <Filter>Source Files\Classes\Units\Melee</Filter>
    </ClInclude>
    <ClInclude Include="..\Classes\UI\CityProductionPanel.h">
      <Filter>Source Files\Classes\UI</Filter>
    </ClInclude>
    <ClInclude Include="..\Classes\UI\HUDLayer.h">
      <Filter>Source Files\Classes\UI</Filter>
    </ClInclude>
    <ClInclude Include="..\Classes\UI\TechTreePanel.h">
      <Filter>Source Files\Classes\UI</Filter>
    </ClInclude>
    <ClInclude Include="..\Classes\Civilizations\BaseCiv.h">
      <Filter>Source Files\Classes\Civilizations</Filter>
    </ClInclude>
    <ClInclude Include="..\Classes\Civilizations\CivGermany.h">
      <Filter>Source Files\Classes\Civilizations</Filter>
    </ClInclude>
    <ClInclude Include="..\Classes\Core\GameManager.h">
      <Filter>Source Files\Classes\Core</Filter>
    </ClInclude>
    <ClInclude Include="..\Classes\Core\Player.h">
      <Filter>Source Files\Classes\Core</Filter>
    </ClInclude>
    <ClInclude Include="..\Classes\Map\GameMapLayer.h">
      <Filter>Source Files\Classes\Map</Filter>
    </ClInclude>
    <ClInclude Include="..\Classes\Map\MapGenerator.h">
      <Filter>Source Files\Classes\Map</Filter>
    </ClInclude>
    <ClInclude Include="..\Classes\Map\TileData.h">
      <Filter>Source Files\Classes\Map</Filter>
    </ClInclude>
    <ClInclude Include="..\Classes\Scene\GameScene.h">
      <Filter>Source Files\Classes\Scene</Filter>
    </ClInclude>
    <ClInclude Include="..\Classes\Scene\MainMenuScene.h">
      <Filter>Source Files\Classes\Scene</Filter>
    </ClInclude>
    <ClInclude Include="..\Classes\Utils\PerlinNoise.h">
      <Filter>Source Files\Classes\Utils</Filter>
    </ClInclude>
    <ClInclude Include="..\Classes\Units\Civilian\Settler.h">
      <Filter>Source Files\Classes\Units\Civilian</Filter>
    </ClInclude>
    <ClInclude Include="..\Classes\City\BaseCity.h">
      <Filter>Source Files\Classes\City</Filter>
    </ClInclude>
  </ItemGroup>
  <ItemGroup>
    <CustomBuild Include="D:\document\cocos2dx\civ6-local\CMakeLists.txt" />
  </ItemGroup>
  <ItemGroup>
    <ResourceCompile Include="D:\document\cocos2dx\civ6-local\proj.win32\game.rc">
      <Filter>Source Files\proj.win32</Filter>
    </ResourceCompile>
  </ItemGroup>
  <ItemGroup>
    <Filter Include="Resources">
      <UniqueIdentifier>{E07DEF72-1030-3883-9B68-28F2BA51E035}</UniqueIdentifier>
    </Filter>
    <Filter Include="Resources\fonts">
      <UniqueIdentifier>{2F6E68A6-36E2-3268-8F52-3A3745935240}</UniqueIdentifier>
    </Filter>
    <Filter Include="Resources\res">
      <UniqueIdentifier>{251DBAE0-CA19-327E-92A7-18B05E6509B9}</UniqueIdentifier>
    </Filter>
    <Filter Include="Source Files">
      <UniqueIdentifier>{A0E99E2A-A3A1-3F20-9581-BCD8CB891817}</UniqueIdentifier>
    </Filter>
    <Filter Include="Source Files\Classes">
      <UniqueIdentifier>{7CEB889A-343C-3F0E-BE75-1BB7DE119074}</UniqueIdentifier>
    </Filter>
    <Filter Include="Source Files\proj.win32">
      <UniqueIdentifier>{6EFF76DE-1B0E-3B1C-A65D-097B31C3F235}</UniqueIdentifier>
    </Filter>
    <Filter Include="Source Files\Classes\Utils">
      <UniqueIdentifier>{ee762d5e-4a6d-46e8-af50-dd253d68ff4a}</UniqueIdentifier>
    </Filter>
    <Filter Include="Source Files\Classes\Units">
      <UniqueIdentifier>{b984912a-2bec-4e8f-b44f-9e03d664cac4}</UniqueIdentifier>
    </Filter>
    <Filter Include="Source Files\Classes\Units\Base">
      <UniqueIdentifier>{2f83bd81-659f-4e15-af1c-94664064e389}</UniqueIdentifier>
    </Filter>
    <Filter Include="Source Files\Classes\Units\Melee">
      <UniqueIdentifier>{75cd268f-a7c7-4a7b-af71-e506464e9e35}</UniqueIdentifier>
    </Filter>
    <Filter Include="Source Files\Classes\UI">
      <UniqueIdentifier>{5523f410-2196-4f83-91bc-04341778b3ec}</UniqueIdentifier>
    </Filter>
    <Filter Include="Source Files\Classes\Civilizations">
      <UniqueIdentifier>{bb90c9e2-055e-4430-932c-3b84919adb7a}</UniqueIdentifier>
    </Filter>
    <Filter Include="Source Files\Classes\Core">
      <UniqueIdentifier>{35a222a0-0509-4f3f-84b8-4ec4e99cfbd1}</UniqueIdentifier>
    </Filter>
    <Filter Include="Source Files\Classes\Map">
      <UniqueIdentifier>{5a8f3087-023d-44a2-855e-3f1c62946b87}</UniqueIdentifier>
    </Filter>
    <Filter Include="Source Files\Classes\Scene">
      <UniqueIdentifier>{2f446bed-119f-4201-bcb4-b81846e7b2dc}</UniqueIdentifier>
    </Filter>
    <Filter Include="Source Files\Classes\Units\Civilian">
      <UniqueIdentifier>{1aae2489-0239-4a97-9ee9-16047ca9f347}</UniqueIdentifier>
    </Filter>
    <Filter Include="Source Files\Classes\City">
      <UniqueIdentifier>{e31f41f2-9955-4296-800e-1ab57501e1d6}</UniqueIdentifier>
    </Filter>
  </ItemGroup>
</Project>