
Microsoft Visual Studio Solution File, Format Version 12.00
# Visual Studio Version 17
Project("{2150E333-8FDC-42A3-9474-1A3956D46DE8}") = "CMakePredefinedTargets", "CMakePredefinedTargets", "{857FA425-A2DD-3776-9A24-D41B7D2D3A72}"
EndProject
Project("{2150E333-8FDC-42A3-9474-1A3956D46DE8}") = "External", "External", "{659B367A-2646-3DAB-9EA6-545787E628A8}"
EndProject
Project("{2150E333-8FDC-42A3-9474-1A3956D46DE8}") = "Internal", "Internal", "{8781CFD6-3114-32A1-BAEF-15008C95FCDA}"
EndProject
Project("{2150E333-8FDC-42A3-9474-1A3956D46DE8}") = "Utils", "Utils", "{030766B1-9785-35FF-B868-B65573D44F38}"
EndProject
Project("{8BC9CEB8-8B4A-11D0-8D11-00A0C91BC942}") = "ALL_BUILD", "ALL_BUILD.vcxproj", "{C9B37B11-81C0-3CD6-9896-2198BDE47B78}"
	ProjectSection(ProjectDependencies) = postProject
		{6A02C743-FB6E-37A4-9CBA-564C815B8222} = {6A02C743-FB6E-37A4-9CBA-564C815B8222}
		{11545B9F-A2E3-3A6F-AAEA-D03EAF5275C2} = {11545B9F-A2E3-3A6F-AAEA-D03EAF5275C2}
		{C86EE114-A369-3D81-81BB-C29A4A03A78B} = {C86EE114-A369-3D81-81BB-C29A4A03A78B}
		{506B1D2B-CED1-359E-A90A-73A3258DCE5C} = {506B1D2B-CED1-359E-A90A-73A3258DCE5C}
		{10908AAF-2AD6-3979-B9C5-937A5D25EA52} = {10908AAF-2AD6-3979-B9C5-937A5D25EA52}
		{46D1B3CD-831E-3FFD-A1BA-2417E80E2D23} = {46D1B3CD-831E-3FFD-A1BA-2417E80E2D23}
		{2639E267-8D1C-316E-9C21-73897C2D3A9A} = {2639E267-8D1C-316E-9C21-73897C2D3A9A}
		{65755F6E-FF30-393A-B01D-3CC61991EC95} = {65755F6E-FF30-393A-B01D-3CC61991EC95}
		{4A6458E6-C3C3-379B-832B-27429B14BE39} = {4A6458E6-C3C3-379B-832B-27429B14BE39}
		{CC936A30-47D2-3540-A520-05311C7FB370} = {CC936A30-47D2-3540-A520-05311C7FB370}
		{0D801066-E8A2-39E0-B2D4-77365AFB090C} = {0D801066-E8A2-39E0-B2D4-77365AFB090C}
		{2D071493-9B44-35E8-96D4-D710544DED8E} = {2D071493-9B44-35E8-96D4-D710544DED8E}
		{7429D91F-82B3-3ED3-8B35-6EEC0966FAF3} = {7429D91F-82B3-3ED3-8B35-6EEC0966FAF3}
		{1028348B-AF5D-3B1F-A72B-073B33A3CF0F} = {1028348B-AF5D-3B1F-A72B-073B33A3CF0F}
		{99CEB93A-98AB-30B0-BCB1-4A019E9AA2AF} = {99CEB93A-98AB-30B0-BCB1-4A019E9AA2AF}
	EndProjectSection
EndProject
Project("{8BC9CEB8-8B4A-11D0-8D11-00A0C91BC942}") = "SYNC_RESOURCE-civ6-local", "SYNC_RESOURCE-civ6-local.vcxproj", "{6A02C743-FB6E-37A4-9CBA-564C815B8222}"
	ProjectSection(ProjectDependencies) = postProject
		{11545B9F-A2E3-3A6F-AAEA-D03EAF5275C2} = {11545B9F-A2E3-3A6F-AAEA-D03EAF5275C2}
	EndProjectSection
EndProject
Project("{8BC9CEB8-8B4A-11D0-8D11-00A0C91BC942}") = "ZERO_CHECK", "ZERO_CHECK.vcxproj", "{11545B9F-A2E3-3A6F-AAEA-D03EAF5275C2}"
	ProjectSection(ProjectDependencies) = postProject
	EndProjectSection
EndProject
Project("{8BC9CEB8-8B4A-11D0-8D11-00A0C91BC942}") = "civ6-local", "civ6-local.vcxproj", "{C86EE114-A369-3D81-81BB-C29A4A03A78B}"
	ProjectSection(ProjectDependencies) = postProject
		{6A02C743-FB6E-37A4-9CBA-564C815B8222} = {6A02C743-FB6E-37A4-9CBA-564C815B8222}
		{11545B9F-A2E3-3A6F-AAEA-D03EAF5275C2} = {11545B9F-A2E3-3A6F-AAEA-D03EAF5275C2}
		{506B1D2B-CED1-359E-A90A-73A3258DCE5C} = {506B1D2B-CED1-359E-A90A-73A3258DCE5C}
		{10908AAF-2AD6-3979-B9C5-937A5D25EA52} = {10908AAF-2AD6-3979-B9C5-937A5D25EA52}
		{46D1B3CD-831E-3FFD-A1BA-2417E80E2D23} = {46D1B3CD-831E-3FFD-A1BA-2417E80E2D23}
		{2639E267-8D1C-316E-9C21-73897C2D3A9A} = {2639E267-8D1C-316E-9C21-73897C2D3A9A}
		{65755F6E-FF30-393A-B01D-3CC61991EC95} = {65755F6E-FF30-393A-B01D-3CC61991EC95}
		{4A6458E6-C3C3-379B-832B-27429B14BE39} = {4A6458E6-C3C3-379B-832B-27429B14BE39}
		{CC936A30-47D2-3540-A520-05311C7FB370} = {CC936A30-47D2-3540-A520-05311C7FB370}
		{0D801066-E8A2-39E0-B2D4-77365AFB090C} = {0D801066-E8A2-39E0-B2D4-77365AFB090C}
		{2D071493-9B44-35E8-96D4-D710544DED8E} = {2D071493-9B44-35E8-96D4-D710544DED8E}
		{7429D91F-82B3-3ED3-8B35-6EEC0966FAF3} = {7429D91F-82B3-3ED3-8B35-6EEC0966FAF3}
		{1028348B-AF5D-3B1F-A72B-073B33A3CF0F} = {1028348B-AF5D-3B1F-A72B-073B33A3CF0F}
		{99CEB93A-98AB-30B0-BCB1-4A019E9AA2AF} = {99CEB93A-98AB-30B0-BCB1-4A019E9AA2AF}
	EndProjectSection
EndProject
Project("{8BC9CEB8-8B4A-11D0-8D11-00A0C91BC942}") = "cocos2d", "engine\cocos\core\cocos2d.vcxproj", "{506B1D2B-CED1-359E-A90A-73A3258DCE5C}"
	ProjectSection(ProjectDependencies) = postProject
		{11545B9F-A2E3-3A6F-AAEA-D03EAF5275C2} = {11545B9F-A2E3-3A6F-AAEA-D03EAF5275C2}
		{10908AAF-2AD6-3979-B9C5-937A5D25EA52} = {10908AAF-2AD6-3979-B9C5-937A5D25EA52}
		{46D1B3CD-831E-3FFD-A1BA-2417E80E2D23} = {46D1B3CD-831E-3FFD-A1BA-2417E80E2D23}
		{2639E267-8D1C-316E-9C21-73897C2D3A9A} = {2639E267-8D1C-316E-9C21-73897C2D3A9A}
		{65755F6E-FF30-393A-B01D-3CC61991EC95} = {65755F6E-FF30-393A-B01D-3CC61991EC95}
		{4A6458E6-C3C3-379B-832B-27429B14BE39} = {4A6458E6-C3C3-379B-832B-27429B14BE39}
		{CC936A30-47D2-3540-A520-05311C7FB370} = {CC936A30-47D2-3540-A520-05311C7FB370}
		{0D801066-E8A2-39E0-B2D4-77365AFB090C} = {0D801066-E8A2-39E0-B2D4-77365AFB090C}
		{2D071493-9B44-35E8-96D4-D710544DED8E} = {2D071493-9B44-35E8-96D4-D710544DED8E}
		{7429D91F-82B3-3ED3-8B35-6EEC0966FAF3} = {7429D91F-82B3-3ED3-8B35-6EEC0966FAF3}
		{1028348B-AF5D-3B1F-A72B-073B33A3CF0F} = {1028348B-AF5D-3B1F-A72B-073B33A3CF0F}
		{99CEB93A-98AB-30B0-BCB1-4A019E9AA2AF} = {99CEB93A-98AB-30B0-BCB1-4A019E9AA2AF}
	EndProjectSection
EndProject
Project("{8BC9CEB8-8B4A-11D0-8D11-00A0C91BC942}") = "ext_clipper", "engine\external\clipper\ext_clipper.vcxproj", "{10908AAF-2AD6-3979-B9C5-937A5D25EA52}"
	ProjectSection(ProjectDependencies) = postProject
		{11545B9F-A2E3-3A6F-AAEA-D03EAF5275C2} = {11545B9F-A2E3-3A6F-AAEA-D03EAF5275C2}
	EndProjectSection
EndProject
Project("{8BC9CEB8-8B4A-11D0-8D11-00A0C91BC942}") = "ext_convertUTF", "engine\external\ConvertUTF\ext_convertUTF.vcxproj", "{46D1B3CD-831E-3FFD-A1BA-2417E80E2D23}"
	ProjectSection(ProjectDependencies) = postProject
		{11545B9F-A2E3-3A6F-AAEA-D03EAF5275C2} = {11545B9F-A2E3-3A6F-AAEA-D03EAF5275C2}
	EndProjectSection
EndProject
Project("{8BC9CEB8-8B4A-11D0-8D11-00A0C91BC942}") = "ext_edtaa3func", "engine\external\edtaa3func\ext_edtaa3func.vcxproj", "{2639E267-8D1C-316E-9C21-73897C2D3A9A}"
	ProjectSection(ProjectDependencies) = postProject
		{11545B9F-A2E3-3A6F-AAEA-D03EAF5275C2} = {11545B9F-A2E3-3A6F-AAEA-D03EAF5275C2}
	EndProjectSection
EndProject
Project("{8BC9CEB8-8B4A-11D0-8D11-00A0C91BC942}") = "ext_md5", "engine\external\md5\ext_md5.vcxproj", "{65755F6E-FF30-393A-B01D-3CC61991EC95}"
	ProjectSection(ProjectDependencies) = postProject
		{11545B9F-A2E3-3A6F-AAEA-D03EAF5275C2} = {11545B9F-A2E3-3A6F-AAEA-D03EAF5275C2}
	EndProjectSection
EndProject
Project("{8BC9CEB8-8B4A-11D0-8D11-00A0C91BC942}") = "ext_poly2tri", "engine\external\poly2tri\ext_poly2tri.vcxproj", "{4A6458E6-C3C3-379B-832B-27429B14BE39}"
	ProjectSection(ProjectDependencies) = postProject
		{11545B9F-A2E3-3A6F-AAEA-D03EAF5275C2} = {11545B9F-A2E3-3A6F-AAEA-D03EAF5275C2}
	EndProjectSection
EndProject
Project("{8BC9CEB8-8B4A-11D0-8D11-00A0C91BC942}") = "ext_recast", "engine\external\recast\ext_recast.vcxproj", "{CC936A30-47D2-3540-A520-05311C7FB370}"
	ProjectSection(ProjectDependencies) = postProject
		{11545B9F-A2E3-3A6F-AAEA-D03EAF5275C2} = {11545B9F-A2E3-3A6F-AAEA-D03EAF5275C2}
	EndProjectSection
EndProject
Project("{8BC9CEB8-8B4A-11D0-8D11-00A0C91BC942}") = "ext_tinyxml2", "engine\external\tinyxml2\ext_tinyxml2.vcxproj", "{0D801066-E8A2-39E0-B2D4-77365AFB090C}"
	ProjectSection(ProjectDependencies) = postProject
		{11545B9F-A2E3-3A6F-AAEA-D03EAF5275C2} = {11545B9F-A2E3-3A6F-AAEA-D03EAF5275C2}
	EndProjectSection
EndProject
Project("{8BC9CEB8-8B4A-11D0-8D11-00A0C91BC942}") = "ext_unzip", "engine\external\unzip\ext_unzip.vcxproj", "{2D071493-9B44-35E8-96D4-D710544DED8E}"
	ProjectSection(ProjectDependencies) = postProject
		{11545B9F-A2E3-3A6F-AAEA-D03EAF5275C2} = {11545B9F-A2E3-3A6F-AAEA-D03EAF5275C2}
	EndProjectSection
EndProject
Project("{8BC9CEB8-8B4A-11D0-8D11-00A0C91BC942}") = "ext_xxhash", "engine\external\xxhash\ext_xxhash.vcxproj", "{7429D91F-82B3-3ED3-8B35-6EEC0966FAF3}"
	ProjectSection(ProjectDependencies) = postProject
		{11545B9F-A2E3-3A6F-AAEA-D03EAF5275C2} = {11545B9F-A2E3-3A6F-AAEA-D03EAF5275C2}
	EndProjectSection
EndProject
Project("{8BC9CEB8-8B4A-11D0-8D11-00A0C91BC942}") = "ext_xxtea", "engine\external\xxtea\ext_xxtea.vcxproj", "{1028348B-AF5D-3B1F-A72B-073B33A3CF0F}"
	ProjectSection(ProjectDependencies) = postProject
		{11545B9F-A2E3-3A6F-AAEA-D03EAF5275C2} = {11545B9F-A2E3-3A6F-AAEA-D03EAF5275C2}
	EndProjectSection
EndProject
Project("{8BC9CEB8-8B4A-11D0-8D11-00A0C91BC942}") = "external", "engine\external\external.vcxproj", "{99CEB93A-98AB-30B0-BCB1-4A019E9AA2AF}"
	ProjectSection(ProjectDependencies) = postProject
		{11545B9F-A2E3-3A6F-AAEA-D03EAF5275C2} = {11545B9F-A2E3-3A6F-AAEA-D03EAF5275C2}
		{10908AAF-2AD6-3979-B9C5-937A5D25EA52} = {10908AAF-2AD6-3979-B9C5-937A5D25EA52}
		{46D1B3CD-831E-3FFD-A1BA-2417E80E2D23} = {46D1B3CD-831E-3FFD-A1BA-2417E80E2D23}
		{2639E267-8D1C-316E-9C21-73897C2D3A9A} = {2639E267-8D1C-316E-9C21-73897C2D3A9A}
		{65755F6E-FF30-393A-B01D-3CC61991EC95} = {65755F6E-FF30-393A-B01D-3CC61991EC95}
		{4A6458E6-C3C3-379B-832B-27429B14BE39} = {4A6458E6-C3C3-379B-832B-27429B14BE39}
		{CC936A30-47D2-3540-A520-05311C7FB370} = {CC936A30-47D2-3540-A520-05311C7FB370}
		{0D801066-E8A2-39E0-B2D4-77365AFB090C} = {0D801066-E8A2-39E0-B2D4-77365AFB090C}
		{2D071493-9B44-35E8-96D4-D710544DED8E} = {2D071493-9B44-35E8-96D4-D710544DED8E}
		{7429D91F-82B3-3ED3-8B35-6EEC0966FAF3} = {7429D91F-82B3-3ED3-8B35-6EEC0966FAF3}
		{1028348B-AF5D-3B1F-A72B-073B33A3CF0F} = {1028348B-AF5D-3B1F-A72B-073B33A3CF0F}
	EndProjectSection
EndProject
Global
	GlobalSection(SolutionConfigurationPlatforms) = preSolution
		Debug|win32 = Debug|win32
		Release|win32 = Release|win32
		MinSizeRel|win32 = MinSizeRel|win32
		RelWithDebInfo|win32 = RelWithDebInfo|win32
	EndGlobalSection
	GlobalSection(ProjectConfigurationPlatforms) = postSolution
		{C9B37B11-81C0-3CD6-9896-2198BDE47B78}.Debug|win32.ActiveCfg = Debug|win32
		{C9B37B11-81C0-3CD6-9896-2198BDE47B78}.Release|win32.ActiveCfg = Release|win32
		{C9B37B11-81C0-3CD6-9896-2198BDE47B78}.MinSizeRel|win32.ActiveCfg = MinSizeRel|win32
		{C9B37B11-81C0-3CD6-9896-2198BDE47B78}.RelWithDebInfo|win32.ActiveCfg = RelWithDebInfo|win32
		{6A02C743-FB6E-37A4-9CBA-564C815B8222}.Debug|win32.ActiveCfg = Debug|win32
		{6A02C743-FB6E-37A4-9CBA-564C815B8222}.Debug|win32.Build.0 = Debug|win32
		{6A02C743-FB6E-37A4-9CBA-564C815B8222}.Release|win32.ActiveCfg = Release|win32
		{6A02C743-FB6E-37A4-9CBA-564C815B8222}.Release|win32.Build.0 = Release|win32
		{6A02C743-FB6E-37A4-9CBA-564C815B8222}.MinSizeRel|win32.ActiveCfg = MinSizeRel|win32
		{6A02C743-FB6E-37A4-9CBA-564C815B8222}.MinSizeRel|win32.Build.0 = MinSizeRel|win32
		{6A02C743-FB6E-37A4-9CBA-564C815B8222}.RelWithDebInfo|win32.ActiveCfg = RelWithDebInfo|win32
		{6A02C743-FB6E-37A4-9CBA-564C815B8222}.RelWithDebInfo|win32.Build.0 = RelWithDebInfo|win32
		{11545B9F-A2E3-3A6F-AAEA-D03EAF5275C2}.Debug|win32.ActiveCfg = Debug|win32
		{11545B9F-A2E3-3A6F-AAEA-D03EAF5275C2}.Debug|win32.Build.0 = Debug|win32
		{11545B9F-A2E3-3A6F-AAEA-D03EAF5275C2}.Release|win32.ActiveCfg = Release|win32
		{11545B9F-A2E3-3A6F-AAEA-D03EAF5275C2}.Release|win32.Build.0 = Release|win32
		{11545B9F-A2E3-3A6F-AAEA-D03EAF5275C2}.MinSizeRel|win32.ActiveCfg = MinSizeRel|win32
		{11545B9F-A2E3-3A6F-AAEA-D03EAF5275C2}.MinSizeRel|win32.Build.0 = MinSizeRel|win32
		{11545B9F-A2E3-3A6F-AAEA-D03EAF5275C2}.RelWithDebInfo|win32.ActiveCfg = RelWithDebInfo|win32
		{11545B9F-A2E3-3A6F-AAEA-D03EAF5275C2}.RelWithDebInfo|win32.Build.0 = RelWithDebInfo|win32
		{C86EE114-A369-3D81-81BB-C29A4A03A78B}.Debug|win32.ActiveCfg = Debug|win32
		{C86EE114-A369-3D81-81BB-C29A4A03A78B}.Debug|win32.Build.0 = Debug|win32
		{C86EE114-A369-3D81-81BB-C29A4A03A78B}.Release|win32.ActiveCfg = Release|win32
		{C86EE114-A369-3D81-81BB-C29A4A03A78B}.Release|win32.Build.0 = Release|win32
		{C86EE114-A369-3D81-81BB-C29A4A03A78B}.MinSizeRel|win32.ActiveCfg = MinSizeRel|win32
		{C86EE114-A369-3D81-81BB-C29A4A03A78B}.MinSizeRel|win32.Build.0 = MinSizeRel|win32
		{C86EE114-A369-3D81-81BB-C29A4A03A78B}.RelWithDebInfo|win32.ActiveCfg = RelWithDebInfo|win32
		{C86EE114-A369-3D81-81BB-C29A4A03A78B}.RelWithDebInfo|win32.Build.0 = RelWithDebInfo|win32
		{506B1D2B-CED1-359E-A90A-73A3258DCE5C}.Debug|win32.ActiveCfg = Debug|win32
		{506B1D2B-CED1-359E-A90A-73A3258DCE5C}.Debug|win32.Build.0 = Debug|win32
		{506B1D2B-CED1-359E-A90A-73A3258DCE5C}.Release|win32.ActiveCfg = Release|win32
		{506B1D2B-CED1-359E-A90A-73A3258DCE5C}.Release|win32.Build.0 = Release|win32
		{506B1D2B-CED1-359E-A90A-73A3258DCE5C}.MinSizeRel|win32.ActiveCfg = MinSizeRel|win32
		{506B1D2B-CED1-359E-A90A-73A3258DCE5C}.MinSizeRel|win32.Build.0 = MinSizeRel|win32
		{506B1D2B-CED1-359E-A90A-73A3258DCE5C}.RelWithDebInfo|win32.ActiveCfg = RelWithDebInfo|win32
		{506B1D2B-CED1-359E-A90A-73A3258DCE5C}.RelWithDebInfo|win32.Build.0 = RelWithDebInfo|win32
		{10908AAF-2AD6-3979-B9C5-937A5D25EA52}.Debug|win32.ActiveCfg = Debug|win32
		{10908AAF-2AD6-3979-B9C5-937A5D25EA52}.Debug|win32.Build.0 = Debug|win32
		{10908AAF-2AD6-3979-B9C5-937A5D25EA52}.Release|win32.ActiveCfg = Release|win32
		{10908AAF-2AD6-3979-B9C5-937A5D25EA52}.Release|win32.Build.0 = Release|win32
		{10908AAF-2AD6-3979-B9C5-937A5D25EA52}.MinSizeRel|win32.ActiveCfg = MinSizeRel|win32
		{10908AAF-2AD6-3979-B9C5-937A5D25EA52}.MinSizeRel|win32.Build.0 = MinSizeRel|win32
		{10908AAF-2AD6-3979-B9C5-937A5D25EA52}.RelWithDebInfo|win32.ActiveCfg = RelWithDebInfo|win32
		{10908AAF-2AD6-3979-B9C5-937A5D25EA52}.RelWithDebInfo|win32.Build.0 = RelWithDebInfo|win32
		{46D1B3CD-831E-3FFD-A1BA-2417E80E2D23}.Debug|win32.ActiveCfg = Debug|win32
		{46D1B3CD-831E-3FFD-A1BA-2417E80E2D23}.Debug|win32.Build.0 = Debug|win32
		{46D1B3CD-831E-3FFD-A1BA-2417E80E2D23}.Release|win32.ActiveCfg = Release|win32
		{46D1B3CD-831E-3FFD-A1BA-2417E80E2D23}.Release|win32.Build.0 = Release|win32
		{46D1B3CD-831E-3FFD-A1BA-2417E80E2D23}.MinSizeRel|win32.ActiveCfg = MinSizeRel|win32
		{46D1B3CD-831E-3FFD-A1BA-2417E80E2D23}.MinSizeRel|win32.Build.0 = MinSizeRel|win32
		{46D1B3CD-831E-3FFD-A1BA-2417E80E2D23}.RelWithDebInfo|win32.ActiveCfg = RelWithDebInfo|win32
		{46D1B3CD-831E-3FFD-A1BA-2417E80E2D23}.RelWithDebInfo|win32.Build.0 = RelWithDebInfo|win32
		{2639E267-8D1C-316E-9C21-73897C2D3A9A}.Debug|win32.ActiveCfg = Debug|win32
		{2639E267-8D1C-316E-9C21-73897C2D3A9A}.Debug|win32.Build.0 = Debug|win32
		{2639E267-8D1C-316E-9C21-73897C2D3A9A}.Release|win32.ActiveCfg = Release|win32
		{2639E267-8D1C-316E-9C21-73897C2D3A9A}.Release|win32.Build.0 = Release|win32
		{2639E267-8D1C-316E-9C21-73897C2D3A9A}.MinSizeRel|win32.ActiveCfg = MinSizeRel|win32
		{2639E267-8D1C-316E-9C21-73897C2D3A9A}.MinSizeRel|win32.Build.0 = MinSizeRel|win32
		{2639E267-8D1C-316E-9C21-73897C2D3A9A}.RelWithDebInfo|win32.ActiveCfg = RelWithDebInfo|win32
		{2639E267-8D1C-316E-9C21-73897C2D3A9A}.RelWithDebInfo|win32.Build.0 = RelWithDebInfo|win32
		{65755F6E-FF30-393A-B01D-3CC61991EC95}.Debug|win32.ActiveCfg = Debug|win32
		{65755F6E-FF30-393A-B01D-3CC61991EC95}.Debug|win32.Build.0 = Debug|win32
		{65755F6E-FF30-393A-B01D-3CC61991EC95}.Release|win32.ActiveCfg = Release|win32
		{65755F6E-FF30-393A-B01D-3CC61991EC95}.Release|win32.Build.0 = Release|win32
		{65755F6E-FF30-393A-B01D-3CC61991EC95}.MinSizeRel|win32.ActiveCfg = MinSizeRel|win32
		{65755F6E-FF30-393A-B01D-3CC61991EC95}.MinSizeRel|win32.Build.0 = MinSizeRel|win32
		{65755F6E-FF30-393A-B01D-3CC61991EC95}.RelWithDebInfo|win32.ActiveCfg = RelWithDebInfo|win32
		{65755F6E-FF30-393A-B01D-3CC61991EC95}.RelWithDebInfo|win32.Build.0 = RelWithDebInfo|win32
		{4A6458E6-C3C3-379B-832B-27429B14BE39}.Debug|win32.ActiveCfg = Debug|win32
		{4A6458E6-C3C3-379B-832B-27429B14BE39}.Debug|win32.Build.0 = Debug|win32
		{4A6458E6-C3C3-379B-832B-27429B14BE39}.Release|win32.ActiveCfg = Release|win32
		{4A6458E6-C3C3-379B-832B-27429B14BE39}.Release|win32.Build.0 = Release|win32
		{4A6458E6-C3C3-379B-832B-27429B14BE39}.MinSizeRel|win32.ActiveCfg = MinSizeRel|win32
		{4A6458E6-C3C3-379B-832B-27429B14BE39}.MinSizeRel|win32.Build.0 = MinSizeRel|win32
		{4A6458E6-C3C3-379B-832B-27429B14BE39}.RelWithDebInfo|win32.ActiveCfg = RelWithDebInfo|win32
		{4A6458E6-C3C3-379B-832B-27429B14BE39}.RelWithDebInfo|win32.Build.0 = RelWithDebInfo|win32
		{CC936A30-47D2-3540-A520-05311C7FB370}.Debug|win32.ActiveCfg = Debug|win32
		{CC936A30-47D2-3540-A520-05311C7FB370}.Debug|win32.Build.0 = Debug|win32
		{CC936A30-47D2-3540-A520-05311C7FB370}.Release|win32.ActiveCfg = Release|win32
		{CC936A30-47D2-3540-A520-05311C7FB370}.Release|win32.Build.0 = Release|win32
		{CC936A30-47D2-3540-A520-05311C7FB370}.MinSizeRel|win32.ActiveCfg = MinSizeRel|win32
		{CC936A30-47D2-3540-A520-05311C7FB370}.MinSizeRel|win32.Build.0 = MinSizeRel|win32
		{CC936A30-47D2-3540-A520-05311C7FB370}.RelWithDebInfo|win32.ActiveCfg = RelWithDebInfo|win32
		{CC936A30-47D2-3540-A520-05311C7FB370}.RelWithDebInfo|win32.Build.0 = RelWithDebInfo|win32
		{0D801066-E8A2-39E0-B2D4-77365AFB090C}.Debug|win32.ActiveCfg = Debug|win32
		{0D801066-E8A2-39E0-B2D4-77365AFB090C}.Debug|win32.Build.0 = Debug|win32
		{0D801066-E8A2-39E0-B2D4-77365AFB090C}.Release|win32.ActiveCfg = Release|win32
		{0D801066-E8A2-39E0-B2D4-77365AFB090C}.Release|win32.Build.0 = Release|win32
		{0D801066-E8A2-39E0-B2D4-77365AFB090C}.MinSizeRel|win32.ActiveCfg = MinSizeRel|win32
		{0D801066-E8A2-39E0-B2D4-77365AFB090C}.MinSizeRel|win32.Build.0 = MinSizeRel|win32
		{0D801066-E8A2-39E0-B2D4-77365AFB090C}.RelWithDebInfo|win32.ActiveCfg = RelWithDebInfo|win32
		{0D801066-E8A2-39E0-B2D4-77365AFB090C}.RelWithDebInfo|win32.Build.0 = RelWithDebInfo|win32
		{2D071493-9B44-35E8-96D4-D710544DED8E}.Debug|win32.ActiveCfg = Debug|win32
		{2D071493-9B44-35E8-96D4-D710544DED8E}.Debug|win32.Build.0 = Debug|win32
		{2D071493-9B44-35E8-96D4-D710544DED8E}.Release|win32.ActiveCfg = Release|win32
		{2D071493-9B44-35E8-96D4-D710544DED8E}.Release|win32.Build.0 = Release|win32
		{2D071493-9B44-35E8-96D4-D710544DED8E}.MinSizeRel|win32.ActiveCfg = MinSizeRel|win32
		{2D071493-9B44-35E8-96D4-D710544DED8E}.MinSizeRel|win32.Build.0 = MinSizeRel|win32
		{2D071493-9B44-35E8-96D4-D710544DED8E}.RelWithDebInfo|win32.ActiveCfg = RelWithDebInfo|win32
		{2D071493-9B44-35E8-96D4-D710544DED8E}.RelWithDebInfo|win32.Build.0 = RelWithDebInfo|win32
		{7429D91F-82B3-3ED3-8B35-6EEC0966FAF3}.Debug|win32.ActiveCfg = Debug|win32
		{7429D91F-82B3-3ED3-8B35-6EEC0966FAF3}.Debug|win32.Build.0 = Debug|win32
		{7429D91F-82B3-3ED3-8B35-6EEC0966FAF3}.Release|win32.ActiveCfg = Release|win32
		{7429D91F-82B3-3ED3-8B35-6EEC0966FAF3}.Release|win32.Build.0 = Release|win32
		{7429D91F-82B3-3ED3-8B35-6EEC0966FAF3}.MinSizeRel|win32.ActiveCfg = MinSizeRel|win32
		{7429D91F-82B3-3ED3-8B35-6EEC0966FAF3}.MinSizeRel|win32.Build.0 = MinSizeRel|win32
		{7429D91F-82B3-3ED3-8B35-6EEC0966FAF3}.RelWithDebInfo|win32.ActiveCfg = RelWithDebInfo|win32
		{7429D91F-82B3-3ED3-8B35-6EEC0966FAF3}.RelWithDebInfo|win32.Build.0 = RelWithDebInfo|win32
		{1028348B-AF5D-3B1F-A72B-073B33A3CF0F}.Debug|win32.ActiveCfg = Debug|win32
		{1028348B-AF5D-3B1F-A72B-073B33A3CF0F}.Debug|win32.Build.0 = Debug|win32
		{1028348B-AF5D-3B1F-A72B-073B33A3CF0F}.Release|win32.ActiveCfg = Release|win32
		{1028348B-AF5D-3B1F-A72B-073B33A3CF0F}.Release|win32.Build.0 = Release|win32
		{1028348B-AF5D-3B1F-A72B-073B33A3CF0F}.MinSizeRel|win32.ActiveCfg = MinSizeRel|win32
		{1028348B-AF5D-3B1F-A72B-073B33A3CF0F}.MinSizeRel|win32.Build.0 = MinSizeRel|win32
		{1028348B-AF5D-3B1F-A72B-073B33A3CF0F}.RelWithDebInfo|win32.ActiveCfg = RelWithDebInfo|win32
		{1028348B-AF5D-3B1F-A72B-073B33A3CF0F}.RelWithDebInfo|win32.Build.0 = RelWithDebInfo|win32
		{99CEB93A-98AB-30B0-BCB1-4A019E9AA2AF}.Debug|win32.ActiveCfg = Debug|win32
		{99CEB93A-98AB-30B0-BCB1-4A019E9AA2AF}.Debug|win32.Build.0 = Debug|win32
		{99CEB93A-98AB-30B0-BCB1-4A019E9AA2AF}.Release|win32.ActiveCfg = Release|win32
		{99CEB93A-98AB-30B0-BCB1-4A019E9AA2AF}.Release|win32.Build.0 = Release|win32
		{99CEB93A-98AB-30B0-BCB1-4A019E9AA2AF}.MinSizeRel|win32.ActiveCfg = MinSizeRel|win32
		{99CEB93A-98AB-30B0-BCB1-4A019E9AA2AF}.MinSizeRel|win32.Build.0 = MinSizeRel|win32
		{99CEB93A-98AB-30B0-BCB1-4A019E9AA2AF}.RelWithDebInfo|win32.ActiveCfg = RelWithDebInfo|win32
		{99CEB93A-98AB-30B0-BCB1-4A019E9AA2AF}.RelWithDebInfo|win32.Build.0 = RelWithDebInfo|win32
	EndGlobalSection
	GlobalSection(NestedProjects) = preSolution
		{C9B37B11-81C0-3CD6-9896-2198BDE47B78} = {857FA425-A2DD-3776-9A24-D41B7D2D3A72}
		{11545B9F-A2E3-3A6F-AAEA-D03EAF5275C2} = {857FA425-A2DD-3776-9A24-D41B7D2D3A72}
		{10908AAF-2AD6-3979-B9C5-937A5D25EA52} = {659B367A-2646-3DAB-9EA6-545787E628A8}
		{46D1B3CD-831E-3FFD-A1BA-2417E80E2D23} = {659B367A-2646-3DAB-9EA6-545787E628A8}
		{2639E267-8D1C-316E-9C21-73897C2D3A9A} = {659B367A-2646-3DAB-9EA6-545787E628A8}
		{65755F6E-FF30-393A-B01D-3CC61991EC95} = {659B367A-2646-3DAB-9EA6-545787E628A8}
		{4A6458E6-C3C3-379B-832B-27429B14BE39} = {659B367A-2646-3DAB-9EA6-545787E628A8}
		{CC936A30-47D2-3540-A520-05311C7FB370} = {659B367A-2646-3DAB-9EA6-545787E628A8}
		{0D801066-E8A2-39E0-B2D4-77365AFB090C} = {659B367A-2646-3DAB-9EA6-545787E628A8}
		{2D071493-9B44-35E8-96D4-D710544DED8E} = {659B367A-2646-3DAB-9EA6-545787E628A8}
		{7429D91F-82B3-3ED3-8B35-6EEC0966FAF3} = {659B367A-2646-3DAB-9EA6-545787E628A8}
		{1028348B-AF5D-3B1F-A72B-073B33A3CF0F} = {659B367A-2646-3DAB-9EA6-545787E628A8}
		{99CEB93A-98AB-30B0-BCB1-4A019E9AA2AF} = {659B367A-2646-3DAB-9EA6-545787E628A8}
		{506B1D2B-CED1-359E-A90A-73A3258DCE5C} = {8781CFD6-3114-32A1-BAEF-15008C95FCDA}
		{6A02C743-FB6E-37A4-9CBA-564C815B8222} = {030766B1-9785-35FF-B868-B65573D44F38}
	EndGlobalSection
	GlobalSection(ExtensibilityGlobals) = postSolution
		SolutionGuid = {D150E64F-A47A-364B-8177-91A4F787E3D5}
	EndGlobalSection
	GlobalSection(ExtensibilityAddIns) = postSolution
	EndGlobalSection
EndGlobal
